// !$*UTF8*$!
{
	archiveVersion = 1;
	classes = {
	};
	objectVersion = 50;
	objects = {

/* Begin PBXBuildFile section */
		6A57B1BD22FF964800A87AFC /* AppDelegate.swift in Sources */ = {isa = PBXBuildFile; fileRef = 6A57B1BC22FF964800A87AFC /* AppDelegate.swift */; };
		6A57B1BF22FF964800A87AFC /* ViewController.swift in Sources */ = {isa = PBXBuildFile; fileRef = 6A57B1BE22FF964800A87AFC /* ViewController.swift */; };
		6A57B1C222FF964800A87AFC /* Main.storyboard in Resources */ = {isa = PBXBuildFile; fileRef = 6A57B1C022FF964800A87AFC /* Main.storyboard */; };
		6A57B1C722FF964900A87AFC /* LaunchScreen.storyboard in Resources */ = {isa = PBXBuildFile; fileRef = 6A57B1C522FF964900A87AFC /* LaunchScreen.storyboard */; };
		6A57B1CF22FFAD8B00A87AFC /* ChatViewController.swift in Sources */ = {isa = PBXBuildFile; fileRef = 6A57B1CE22FFAD8B00A87AFC /* ChatViewController.swift */; };
		6A57B1D122FFB5E700A87AFC /* movie.mov in Resources */ = {isa = PBXBuildFile; fileRef = 6A57B1D022FFB5E700A87AFC /* movie.mov */; };
		6A57B1D322FFBA1500A87AFC /* Assets.xcassets in Resources */ = {isa = PBXBuildFile; fileRef = 6A57B1D222FFBA1500A87AFC /* Assets.xcassets */; };
/* End PBXBuildFile section */

/* Begin PBXFileReference section */
		6A57B1B922FF964800A87AFC /* Rise.app */ = {isa = PBXFileReference; explicitFileType = wrapper.application; includeInIndex = 0; path = Rise.app; sourceTree = BUILT_PRODUCTS_DIR; };
		6A57B1BC22FF964800A87AFC /* AppDelegate.swift */ = {isa = PBXFileReference; lastKnownFileType = sourcecode.swift; path = AppDelegate.swift; sourceTree = "<group>"; };
		6A57B1BE22FF964800A87AFC /* ViewController.swift */ = {isa = PBXFileReference; lastKnownFileType = sourcecode.swift; path = ViewController.swift; sourceTree = "<group>"; };
		6A57B1C122FF964800A87AFC /* Base */ = {isa = PBXFileReference; lastKnownFileType = file.storyboard; name = Base; path = Base.lproj/Main.storyboard; sourceTree = "<group>"; };
		6A57B1C622FF964900A87AFC /* Base */ = {isa = PBXFileReference; lastKnownFileType = file.storyboard; name = Base; path = Base.lproj/LaunchScreen.storyboard; sourceTree = "<group>"; };
		6A57B1C822FF964900A87AFC /* Info.plist */ = {isa = PBXFileReference; lastKnownFileType = text.plist.xml; path = Info.plist; sourceTree = "<group>"; };
		6A57B1CE22FFAD8B00A87AFC /* ChatViewController.swift */ = {isa = PBXFileReference; lastKnownFileType = sourcecode.swift; path = ChatViewController.swift; sourceTree = "<group>"; };
		6A57B1D022FFB5E700A87AFC /* movie.mov */ = {isa = PBXFileReference; lastKnownFileType = video.quicktime; name = movie.mov; path = ../../../Downloads/movie.mov; sourceTree = "<group>"; };
		6A57B1D222FFBA1500A87AFC /* Assets.xcassets */ = {isa = PBXFileReference; lastKnownFileType = folder.assetcatalog; name = Assets.xcassets; path = ../../../../.Trash/Assets.xcassets; sourceTree = "<group>"; };
/* End PBXFileReference section */

/* Begin PBXFrameworksBuildPhase section */
		6A57B1B622FF964800A87AFC /* Frameworks */ = {
			isa = PBXFrameworksBuildPhase;
			buildActionMask = 2147483647;
			files = (
			);
			runOnlyForDeploymentPostprocessing = 0;
		};
/* End PBXFrameworksBuildPhase section */

/* Begin PBXGroup section */
		6A57B1B022FF964800A87AFC = {
			isa = PBXGroup;
			children = (
				6A57B1D022FFB5E700A87AFC /* movie.mov */,
				6A57B1BB22FF964800A87AFC /* Rise */,
				6A57B1BA22FF964800A87AFC /* Products */,
			);
			sourceTree = "<group>";
		};
		6A57B1BA22FF964800A87AFC /* Products */ = {
			isa = PBXGroup;
			children = (
				6A57B1B922FF964800A87AFC /* Rise.app */,
			);
			name = Products;
			sourceTree = "<group>";
		};
		6A57B1BB22FF964800A87AFC /* Rise */ = {
			isa = PBXGroup;
			children = (
				6A57B1BC22FF964800A87AFC /* AppDelegate.swift */,
				6A57B1BE22FF964800A87AFC /* ViewController.swift */,
				6A57B1C022FF964800A87AFC /* Main.storyboard */,
				6A57B1D222FFBA1500A87AFC /* Assets.xcassets */,
				6A57B1C522FF964900A87AFC /* LaunchScreen.storyboard */,
				6A57B1C822FF964900A87AFC /* Info.plist */,
				6A57B1CE22FFAD8B00A87AFC /* ChatViewController.swift */,
			);
			path = Rise;
			sourceTree = "<group>";
		};
/* End PBXGroup section */

/* Begin PBXNativeTarget section */
		6A57B1B822FF964800A87AFC /* Rise */ = {
			isa = PBXNativeTarget;
			buildConfigurationList = 6A57B1CB22FF964900A87AFC /* Build configuration list for PBXNativeTarget "Rise" */;
			buildPhases = (
				6A57B1B522FF964800A87AFC /* Sources */,
				6A57B1B622FF964800A87AFC /* Frameworks */,
				6A57B1B722FF964800A87AFC /* Resources */,
			);
			buildRules = (
			);
			dependencies = (
			);
			name = Rise;
			productName = Rise;
			productReference = 6A57B1B922FF964800A87AFC /* Rise.app */;
			productType = "com.apple.product-type.application";
		};
/* End PBXNativeTarget section */

/* Begin PBXProject section */
		6A57B1B122FF964800A87AFC /* Project object */ = {
			isa = PBXProject;
			attributes = {
				LastSwiftUpdateCheck = 1020;
				LastUpgradeCheck = 1020;
				ORGANIZATIONNAME = "Ayesha Khan";
				TargetAttributes = {
					6A57B1B822FF964800A87AFC = {
						CreatedOnToolsVersion = 10.2.1;
					};
				};
			};
			buildConfigurationList = 6A57B1B422FF964800A87AFC /* Build configuration list for PBXProject "Rise" */;
			compatibilityVersion = "Xcode 9.3";
			developmentRegion = en;
			hasScannedForEncodings = 0;
			knownRegions = (
				en,
				Base,
			);
			mainGroup = 6A57B1B022FF964800A87AFC;
			productRefGroup = 6A57B1BA22FF964800A87AFC /* Products */;
			projectDirPath = "";
			projectRoot = "";
			targets = (
				6A57B1B822FF964800A87AFC /* Rise */,
			);
		};
/* End PBXProject section */

/* Begin PBXResourcesBuildPhase section */
		6A57B1B722FF964800A87AFC /* Resources */ = {
			isa = PBXResourcesBuildPhase;
			buildActionMask = 2147483647;
			files = (
				6A57B1D122FFB5E700A87AFC /* movie.mov in Resources */,
				6A57B1C722FF964900A87AFC /* LaunchScreen.storyboard in Resources */,
				6A57B1D322FFBA1500A87AFC /* Assets.xcassets in Resources */,
				6A57B1C222FF964800A87AFC /* Main.storyboard in Resources */,
			);
			runOnlyForDeploymentPostprocessing = 0;
		};
/* End PBXResourcesBuildPhase section */

/* Begin PBXSourcesBuildPhase section */
		6A57B1B522FF964800A87AFC /* Sources */ = {
			isa = PBXSourcesBuildPhase;
			buildActionMask = 2147483647;
			files = (
				6A57B1BF22FF964800A87AFC /* ViewController.swift in Sources */,
				6A57B1CF22FFAD8B00A87AFC /* ChatViewController.swift in Sources */,
				6A57B1BD22FF964800A87AFC /* AppDelegate.swift in Sources */,
			);
			runOnlyForDeploymentPostprocessing = 0;
		};
/* End PBXSourcesBuildPhase section */

/* Begin PBXVariantGroup section */
		6A57B1C022FF964800A87AFC /* Main.storyboard */ = {
			isa = PBXVariantGroup;
			children = (
				6A57B1C122FF964800A87AFC /* Base */,
			);
			name = Main.storyboard;
			sourceTree = "<group>";
		};
		6A57B1C522FF964900A87AFC /* LaunchScreen.storyboard */ = {
			isa = PBXVariantGroup;
			children = (
				6A57B1C622FF964900A87AFC /* Base */,
			);
			name = LaunchScreen.storyboard;
			sourceTree = "<group>";
		};
/* End PBXVariantGroup section */

/* Begin XCBuildConfiguration section */
		6A57B1C922FF964900A87AFC /* Debug */ = {
			isa = XCBuildConfiguration;
			buildSettings = {
				ALWAYS_SEARCH_USER_PATHS = NO;
				CLANG_ANALYZER_NONNULL = YES;
				CLANG_ANALYZER_NUMBER_OBJECT_CONVERSION = YES_AGGRESSIVE;
				CLANG_CXX_LANGUAGE_STANDARD = "gnu++14";
				CLANG_CXX_LIBRARY = "libc++";
				CLANG_ENABLE_MODULES = YES;
				CLANG_ENABLE_OBJC_ARC = YES;
				CLANG_ENABLE_OBJC_WEAK = YES;
				CLANG_WARN_BLOCK_CAPTURE_AUTORELEASING = YES;
				CLANG_WARN_BOOL_CONVERSION = YES;
				CLANG_WARN_COMMA = YES;
				CLANG_WARN_CONSTANT_CONVERSION = YES;
				CLANG_WARN_DEPRECATED_OBJC_IMPLEMENTATIONS = YES;
				CLANG_WARN_DIRECT_OBJC_ISA_USAGE = YES_ERROR;
				CLANG_WARN_DOCUMENTATION_COMMENTS = YES;
				CLANG_WARN_EMPTY_BODY = YES;
				CLANG_WARN_ENUM_CONVERSION = YES;
				CLANG_WARN_INFINITE_RECURSION = YES;
				CLANG_WARN_INT_CONVERSION = YES;
				CLANG_WARN_NON_LITERAL_NULL_CONVERSION = YES;
				CLANG_WARN_OBJC_IMPLICIT_RETAIN_SELF = YES;
				CLANG_WARN_OBJC_LITERAL_CONVERSION = YES;
				CLANG_WARN_OBJC_ROOT_CLASS = YES_ERROR;
				CLANG_WARN_RANGE_LOOP_ANALYSIS = YES;
				CLANG_WARN_STRICT_PROTOTYPES = YES;
				CLANG_WARN_SUSPICIOUS_MOVE = YES;
				CLANG_WARN_UNGUARDED_AVAILABILITY = YES_AGGRESSIVE;
				CLANG_WARN_UNREACHABLE_CODE = YES;
				CLANG_WARN__DUPLICATE_METHOD_MATCH = YES;
				CODE_SIGN_IDENTITY = "iPhone Developer";
				COPY_PHASE_STRIP = NO;
				DEBUG_INFORMATION_FORMAT = dwarf;
				ENABLE_STRICT_OBJC_MSGSEND = YES;
				ENABLE_TESTABILITY = YES;
				GCC_C_LANGUAGE_STANDARD = gnu11;
				GCC_DYNAMIC_NO_PIC = NO;
				GCC_NO_COMMON_BLOCKS = YES;
				GCC_OPTIMIZATION_LEVEL = 0;
				GCC_PREPROCESSOR_DEFINITIONS = (
					"DEBUG=1",
					"$(inherited)",
				);
				GCC_WARN_64_TO_32_BIT_CONVERSION = YES;
				GCC_WARN_ABOUT_RETURN_TYPE = YES_ERROR;
				GCC_WARN_UNDECLARED_SELECTOR = YES;
				GCC_WARN_UNINITIALIZED_AUTOS = YES_AGGRESSIVE;
				GCC_WARN_UNUSED_FUNCTION = YES;
				GCC_WARN_UNUSED_VARIABLE = YES;
				IPHONEOS_DEPLOYMENT_TARGET = 12.2;
				MTL_ENABLE_DEBUG_INFO = INCLUDE_SOURCE;
				MTL_FAST_MATH = YES;
				ONLY_ACTIVE_ARCH = YES;
				SDKROOT = iphoneos;
				SWIFT_ACTIVE_COMPILATION_CONDITIONS = DEBUG;
				SWIFT_OPTIMIZATION_LEVEL = "-Onone";
			};
			name = Debug;
		};
		6A57B1CA22FF964900A87AFC /* Release */ = {
			isa = XCBuildConfiguration;
			buildSettings = {
				ALWAYS_SEARCH_USER_PATHS = NO;
				CLANG_ANALYZER_NONNULL = YES;
				CLANG_ANALYZER_NUMBER_OBJECT_CONVERSION = YES_AGGRESSIVE;
				CLANG_CXX_LANGUAGE_STANDARD = "gnu++14";
				CLANG_CXX_LIBRARY = "libc++";
				CLANG_ENABLE_MODULES = YES;
				CLANG_ENABLE_OBJC_ARC = YES;
				CLANG_ENABLE_OBJC_WEAK = YES;
				CLANG_WARN_BLOCK_CAPTURE_AUTORELEASING = YES;
				CLANG_WARN_BOOL_CONVERSION = YES;
				CLANG_WARN_COMMA = YES;
				CLANG_WARN_CONSTANT_CONVERSION = YES;
				CLANG_WARN_DEPRECATED_OBJC_IMPLEMENTATIONS = YES;
				CLANG_WARN_DIRECT_OBJC_ISA_USAGE = YES_ERROR;
				CLANG_WARN_DOCUMENTATION_COMMENTS = YES;
				CLANG_WARN_EMPTY_BODY = YES;
				CLANG_WARN_ENUM_CONVERSION = YES;
				CLANG_WARN_INFINITE_RECURSION = YES;
				CLANG_WARN_INT_CONVERSION = YES;
				CLANG_WARN_NON_LITERAL_NULL_CONVERSION = YES;
				CLANG_WARN_OBJC_IMPLICIT_RETAIN_SELF = YES;
				CLANG_WARN_OBJC_LITERAL_CONVERSION = YES;
				CLANG_WARN_OBJC_ROOT_CLASS = YES_ERROR;
				CLANG_WARN_RANGE_LOOP_ANALYSIS = YES;
				CLANG_WARN_STRICT_PROTOTYPES = YES;
				CLANG_WARN_SUSPICIOUS_MOVE = YES;
				CLANG_WARN_UNGUARDED_AVAILABILITY = YES_AGGRESSIVE;
				CLANG_WARN_UNREACHABLE_CODE = YES;
				CLANG_WARN__DUPLICATE_METHOD_MATCH = YES;
				CODE_SIGN_IDENTITY = "iPhone Developer";
				COPY_PHASE_STRIP = NO;
				DEBUG_INFORMATION_FORMAT = "dwarf-with-dsym";
				ENABLE_NS_ASSERTIONS = NO;
				ENABLE_STRICT_OBJC_MSGSEND = YES;
				GCC_C_LANGUAGE_STANDARD = gnu11;
				GCC_NO_COMMON_BLOCKS = YES;
				GCC_WARN_64_TO_32_BIT_CONVERSION = YES;
				GCC_WARN_ABOUT_RETURN_TYPE = YES_ERROR;
				GCC_WARN_UNDECLARED_SELECTOR = YES;
				GCC_WARN_UNINITIALIZED_AUTOS = YES_AGGRESSIVE;
				GCC_WARN_UNUSED_FUNCTION = YES;
				GCC_WARN_UNUSED_VARIABLE = YES;
				IPHONEOS_DEPLOYMENT_TARGET = 12.2;
				MTL_ENABLE_DEBUG_INFO = NO;
				MTL_FAST_MATH = YES;
				SDKROOT = iphoneos;
				SWIFT_COMPILATION_MODE = wholemodule;
				SWIFT_OPTIMIZATION_LEVEL = "-O";
				VALIDATE_PRODUCT = YES;
			};
			name = Release;
		};
		6A57B1CC22FF964900A87AFC /* Debug */ = {
			isa = XCBuildConfiguration;
			buildSettings = {
				ASSETCATALOG_COMPILER_APPICON_NAME = AppIcon;
				CODE_SIGN_STYLE = Automatic;
				DEVELOPMENT_TEAM = 65QL794L6H;
				INFOPLIST_FILE = Rise/Info.plist;
				LD_RUNPATH_SEARCH_PATHS = (
					"$(inherited)",
					"@executable_path/Frameworks",
				);
				PRODUCT_BUNDLE_IDENTIFIER = com.ayeshakhan.Rise;
				PRODUCT_NAME = "$(TARGET_NAME)";
				SWIFT_VERSION = 5.0;
				TARGETED_DEVICE_FAMILY = "1,2";
			};
			name = Debug;
		};
		6A57B1CD22FF964900A87AFC /* Release */ = {
			isa = XCBuildConfiguration;
			buildSettings = {
				ASSETCATALOG_COMPILER_APPICON_NAME = AppIcon;
				CODE_SIGN_STYLE = Automatic;
				DEVELOPMENT_TEAM = 65QL794L6H;
				INFOPLIST_FILE = Rise/Info.plist;
				LD_RUNPATH_SEARCH_PATHS = (
					"$(inherited)",
					"@executable_path/Frameworks",
				);
				PRODUCT_BUNDLE_IDENTIFIER = com.ayeshakhan.Rise;
				PRODUCT_NAME = "$(TARGET_NAME)";
				SWIFT_VERSION = 5.0;
				TARGETED_DEVICE_FAMILY = "1,2";
			};
			name = Release;
		};
/* End XCBuildConfiguration section */

/* Begin XCConfigurationList section */
		6A57B1B422FF964800A87AFC /* Build configuration list for PBXProject "Rise" */ = {
			isa = XCConfigurationList;
			buildConfigurations = (
				6A57B1C922FF964900A87AFC /* Debug */,
				6A57B1CA22FF964900A87AFC /* Release */,
			);
			defaultConfigurationIsVisible = 0;
			defaultConfigurationName = Release;
		};
		6A57B1CB22FF964900A87AFC /* Build configuration list for PBXNativeTarget "Rise" */ = {
			isa = XCConfigurationList;
			buildConfigurations = (
				6A57B1CC22FF964900A87AFC /* Debug */,
				6A57B1CD22FF964900A87AFC /* Release */,
			);
			defaultConfigurationIsVisible = 0;
			defaultConfigurationName = Release;
		};
/* End XCConfigurationList section */
	};
	rootObject = 6A57B1B122FF964800A87AFC /* Project object */;
}
